
Microsoft Visual Studio Solution File, Format Version 12.00
# Visual Studio 15
VisualStudioVersion = 15.0.28010.2036
MinimumVisualStudioVersion = 10.0.40219.1
Project("{FAE04EC0-301F-11D3-BF4B-00C04F79EFBC}") = "Asteroids", "Asteroids\Asteroids.csproj", "{2C68B608-263D-40AB-9177-1A873A70B5C9}"
EndProject
Project("{FAE04EC0-301F-11D3-BF4B-00C04F79EFBC}") = "Employees", "Employees\Employees.csproj", "{D587F434-37CF-43A9-B652-3F1B159678EF}"
EndProject
Global
	GlobalSection(SolutionConfigurationPlatforms) = preSolution
		Debug|Any CPU = Debug|Any CPU
		Release|Any CPU = Release|Any CPU
	EndGlobalSection
	GlobalSection(ProjectConfigurationPlatforms) = postSolution
		{2C68B608-263D-40AB-9177-1A873A70B5C9}.Debug|Any CPU.ActiveCfg = Debug|Any CPU
		{2C68B608-263D-40AB-9177-1A873A70B5C9}.Debug|Any CPU.Build.0 = Debug|Any CPU
		{2C68B608-263D-40AB-9177-1A873A70B5C9}.Release|Any CPU.ActiveCfg = Release|Any CPU
		{2C68B608-263D-40AB-9177-1A873A70B5C9}.Release|Any CPU.Build.0 = Release|Any CPU
		{D587F434-37CF-43A9-B652-3F1B159678EF}.Debug|Any CPU.ActiveCfg = Debug|Any CPU
		{D587F434-37CF-43A9-B652-3F1B159678EF}.Debug|Any CPU.Build.0 = Debug|Any CPU
		{D587F434-37CF-43A9-B652-3F1B159678EF}.Release|Any CPU.ActiveCfg = Release|Any CPU
		{D587F434-37CF-43A9-B652-3F1B159678EF}.Release|Any CPU.Build.0 = Release|Any CPU
	EndGlobalSection
	GlobalSection(SolutionProperties) = preSolution
		HideSolutionNode = FALSE
	EndGlobalSection
	GlobalSection(ExtensibilityGlobals) = postSolution
		SolutionGuid = {2738320D-7BCD-43B6-ABB2-84A4A47D5BDE}
	EndGlobalSection
EndGlobal
